# THIS IS AN AUTOGENERATED FILE. DO NOT EDIT THIS FILE DIRECTLY.
# yarn lockfile v1


"@babel/runtime@^7.0.0":
  version "7.2.0"
  resolved "https://registry.yarnpkg.com/@babel/runtime/-/runtime-7.2.0.tgz#b03e42eeddf5898e00646e4c840fa07ba8dcad7f"
  integrity sha512-oouEibCbHMVdZSDlJBO6bZmID/zA/G/Qx3H1d3rSNPTD+L8UNKvCat7aKWSJ74zYbm5zWGh0GQN0hKj8zYFTCg==
  dependencies:
    regenerator-runtime "^0.12.0"

"@vx/curve@0.0.182":
  version "0.0.182"
  resolved "https://registry.yarnpkg.com/@vx/curve/-/curve-0.0.182.tgz#55487fe71fb00ccc2299437e76b2c68b88c37c7f"
  integrity sha512-tpuRMx/zs1mvSPUuxynN/7Kj4Mqf94vCdmUvO9LdnrgL5kgFpNgyYN9e0mZyfetbS+FDhBrtR9GC7d6vD36NrA==
  dependencies:
    d3-shape "^1.0.6"

"@vx/gradient@^0.0.182":
  version "0.0.182"
  resolved "https://registry.yarnpkg.com/@vx/gradient/-/gradient-0.0.182.tgz#cece62afef4d394d1620683f3bb8cee8addfad72"
  integrity sha512-rE5T4Iu+Yt22dnhTqgKLAVqWkHVhBluI1x7aE6hnu540av8v4Q0VI/CUDloia3xbK+n9HBd+bVSNC2mLbWCWOA==
  dependencies:
    classnames "^2.2.5"
    prop-types "^15.5.7"

"@vx/group@0.0.182":
  version "0.0.182"
  resolved "https://registry.yarnpkg.com/@vx/group/-/group-0.0.182.tgz#991ca37c4a0116cf071d0ebef6a6189ad64c79ec"
  integrity sha512-T9LzQlNPmPDI8A6j3J7T5914xeeaZaVVgDh4NQa0H0BL7G/kHL94XAa4GbG618W6jbsyxoqmyGUqny1LO99S0w==
  dependencies:
    classnames "^2.2.5"

"@vx/point@0.0.182":
  version "0.0.182"
  resolved "https://registry.yarnpkg.com/@vx/point/-/point-0.0.182.tgz#72abfa6ae923cf9bad23d9dd51709b2f31d81bf8"
  integrity sha512-ZWDFVL5+RQXDSY6a5DZDRAoTFUmz0nxqUJidIHP9kDN1MGwoX43yaG7Ss1iJxe5a7Np5XGB2sm3xvmgZvf4a6g==

"@vx/scale@^0.0.182":
  version "0.0.182"
  resolved "https://registry.yarnpkg.com/@vx/scale/-/scale-0.0.182.tgz#22f4423c7188cc8be0b6dbfe9db3e1544d639a98"
  integrity sha512-QFNWElBUscZD40SZoBOJtzqNU9fS5RAZypvYYJE1mipcEMLXLa8MExpeu/VushAbkSBz2B3T6K9myBL0QYi2xQ==
  dependencies:
    d3-scale "^2.0.0"

"@vx/shape@^0.0.182":
  version "0.0.182"
  resolved "https://registry.yarnpkg.com/@vx/shape/-/shape-0.0.182.tgz#7ebd9040eb68190eed4d6a6b34e17d96d8c7331b"
  integrity sha512-GXvr8ZLCRZcBao7X+4f+wr3COdqTS68zMJ9ch/ZcXj8P7xZJsrhx/eQF7t6jleIED/Wb0ly/3wdSpRJ6QKnSMw==
  dependencies:
    "@vx/curve" "0.0.182"
    "@vx/group" "0.0.182"
    "@vx/point" "0.0.182"
    classnames "^2.2.5"
    d3-path "^1.0.5"
    d3-shape "^1.2.0"
    prop-types "^15.5.10"

classnames@^2.2.5:
  version "2.2.6"
  resolved "https://registry.yarnpkg.com/classnames/-/classnames-2.2.6.tgz#43935bffdd291f326dad0a205309b38d00f650ce"
  integrity sha512-JR/iSQOSt+LQIWwrwEzJ9uk0xfN3mTVYMwt1Ir5mUcSN6pU+V4zQFFaJsclJbPuAUQH+yfWef6tm7l1quW3C8Q==

d3-array@^1.2.0:
  version "1.2.4"
  resolved "https://registry.yarnpkg.com/d3-array/-/d3-array-1.2.4.tgz#635ce4d5eea759f6f605863dbcfc30edc737f71f"
  integrity sha512-KHW6M86R+FUPYGb3R5XiYjXPq7VzwxZ22buHhAEVG5ztoEcZZMLov530mmccaqA1GghZArjQV46fuc8kUqhhHw==

d3-collection@1:
  version "1.0.7"
  resolved "https://registry.yarnpkg.com/d3-collection/-/d3-collection-1.0.7.tgz#349bd2aa9977db071091c13144d5e4f16b5b310e"
  integrity sha512-ii0/r5f4sjKNTfh84Di+DpztYwqKhEyUlKoPrzUFfeSkWxjW49xU2QzO9qrPrNkpdI0XJkfzvmTu8V2Zylln6A==

d3-color@1:
  version "1.2.3"
  resolved "https://registry.yarnpkg.com/d3-color/-/d3-color-1.2.3.tgz#6c67bb2af6df3cc8d79efcc4d3a3e83e28c8048f"
  integrity sha512-x37qq3ChOTLd26hnps36lexMRhNXEtVxZ4B25rL0DVdDsGQIJGB18S7y9XDwlDD6MD/ZBzITCf4JjGMM10TZkw==

d3-format@1:
  version "1.3.2"
  resolved "https://registry.yarnpkg.com/d3-format/-/d3-format-1.3.2.tgz#6a96b5e31bcb98122a30863f7d92365c00603562"
  integrity sha512-Z18Dprj96ExragQ0DeGi+SYPQ7pPfRMtUXtsg/ChVIKNBCzjO8XYJvRTC1usblx52lqge56V5ect+frYTQc8WQ==

d3-interpolate@1:
  version "1.3.2"
  resolved "https://registry.yarnpkg.com/d3-interpolate/-/d3-interpolate-1.3.2.tgz#417d3ebdeb4bc4efcc8fd4361c55e4040211fd68"
  integrity sha512-NlNKGopqaz9qM1PXh9gBF1KSCVh+jSFErrSlD/4hybwoNX/gt1d8CDbDW+3i+5UOHhjC6s6nMvRxcuoMVNgL2w==
  dependencies:
    d3-color "1"

d3-path@1, d3-path@^1.0.5:
  version "1.0.7"
  resolved "https://registry.yarnpkg.com/d3-path/-/d3-path-1.0.7.tgz#8de7cd693a75ac0b5480d3abaccd94793e58aae8"
  integrity sha512-q0cW1RpvA5c5ma2rch62mX8AYaiLX0+bdaSM2wxSU9tXjU4DNvkx9qiUvjkuWCj3p22UO/hlPivujqMiR9PDzA==

d3-scale@^2.0.0:
  version "2.1.2"
  resolved "https://registry.yarnpkg.com/d3-scale/-/d3-scale-2.1.2.tgz#4e932b7b60182aee9073ede8764c98423e5f9a94"
  integrity sha512-bESpd64ylaKzCDzvULcmHKZTlzA/6DGSVwx7QSDj/EnX9cpSevsdiwdHFYI9ouo9tNBbV3v5xztHS2uFeOzh8Q==
  dependencies:
    d3-array "^1.2.0"
    d3-collection "1"
    d3-format "1"
    d3-interpolate "1"
    d3-time "1"
    d3-time-format "2"

d3-shape@^1.0.6, d3-shape@^1.2.0:
  version "1.2.2"
  resolved "https://registry.yarnpkg.com/d3-shape/-/d3-shape-1.2.2.tgz#f9dba3777a5825f9a8ce8bc928da08c17679e9a7"
  integrity sha512-hUGEozlKecFZ2bOSNt7ENex+4Tk9uc/m0TtTEHBvitCBxUNjhzm5hS2GrrVRD/ae4IylSmxGeqX5tWC2rASMlQ==
  dependencies:
    d3-path "1"

d3-time-format@2:
  version "2.1.3"
  resolved "https://registry.yarnpkg.com/d3-time-format/-/d3-time-format-2.1.3.tgz#ae06f8e0126a9d60d6364eac5b1533ae1bac826b"
  integrity sha512-6k0a2rZryzGm5Ihx+aFMuO1GgelgIz+7HhB4PH4OEndD5q2zGn1mDfRdNrulspOfR6JXkb2sThhDK41CSK85QA==
  dependencies:
    d3-time "1"

d3-time@1:
  version "1.0.10"
  resolved "https://registry.yarnpkg.com/d3-time/-/d3-time-1.0.10.tgz#8259dd71288d72eeacfd8de281c4bf5c7393053c"
  integrity sha512-hF+NTLCaJHF/JqHN5hE8HVGAXPStEq6/omumPE/SxyHVrR7/qQxusFDo0t0c/44+sCGHthC7yNGFZIEgju0P8g==

"js-tokens@^3.0.0 || ^4.0.0":
  version "4.0.0"
  resolved "https://registry.yarnpkg.com/js-tokens/-/js-tokens-4.0.0.tgz#19203fb59991df98e3a287050d4647cdeaf32499"
  integrity sha512-RdJUflcE3cUzKiMqQgsCu06FPu9UdIJO0beYbPhHN4k6apgJtifcoCtT9bcxOpYBtpD2kCM6Sbzg4CausW/PKQ==

loose-envify@^1.1.0, loose-envify@^1.3.1:
  version "1.4.0"
  resolved "https://registry.yarnpkg.com/loose-envify/-/loose-envify-1.4.0.tgz#71ee51fa7be4caec1a63839f7e682d8132d30caf"
  integrity sha512-lyuxPGr/Wfhrlem2CL/UcnUc1zcqKAImBDzukY7Y5F/yQiNdko6+fRLevlw1HgMySw7f611UIY408EtxRSoK3Q==
  dependencies:
    js-tokens "^3.0.0 || ^4.0.0"

object-assign@^4.1.1:
  version "4.1.1"
  resolved "https://registry.yarnpkg.com/object-assign/-/object-assign-4.1.1.tgz#2109adc7965887cfc05cbbd442cac8bfbb360863"
  integrity sha1-IQmtx5ZYh8/AXLvUQsrIv7s2CGM=

prop-types@^15.5.10, prop-types@^15.5.7, prop-types@^15.6.2:
  version "15.6.2"
  resolved "https://registry.yarnpkg.com/prop-types/-/prop-types-15.6.2.tgz#05d5ca77b4453e985d60fc7ff8c859094a497102"
  integrity sha512-3pboPvLiWD7dkI3qf3KbUe6hKFKa52w+AE0VCqECtf+QHAKgOL37tTaNCnuX1nAAQ4ZhyP+kYVKf8rLmJ/feDQ==
  dependencies:
    loose-envify "^1.3.1"
    object-assign "^4.1.1"

react-dom@^16.7.0-alpha.2:
  version "16.7.0-alpha.2"
  resolved "https://registry.yarnpkg.com/react-dom/-/react-dom-16.7.0-alpha.2.tgz#16632880ed43676315991d8b412cce6975a30282"
  integrity sha512-o0mMw8jBlwHjGZEy/vvKd/6giAX0+skREMOTs3/QHmgi+yAhUClp4My4Z9lsKy3SXV+03uPdm1l/QM7NTcGuMw==
  dependencies:
    loose-envify "^1.1.0"
    object-assign "^4.1.1"
    prop-types "^15.6.2"
    scheduler "^0.12.0-alpha.2"

react-spring@^7.2.7:
  version "7.2.7"
  resolved "https://registry.yarnpkg.com/react-spring/-/react-spring-7.2.7.tgz#1e64ddfbc9b835a3d8795bb0e5c45c3a400ab9e7"
  integrity sha512-UFPkQzPQMOf9E9GFprcGVfa+1EdnffQV6tvFGY+kck32orqgqKrfP54y8da3qP3T6hLnLkU77seVZOD7GYPNEg==
  dependencies:
    "@babel/runtime" "^7.0.0"

react@^16.7.0-alpha.2:
  version "16.7.0-alpha.2"
  resolved "https://registry.yarnpkg.com/react/-/react-16.7.0-alpha.2.tgz#924f2ae843a46ea82d104a8def7a599fbf2c78ce"
  integrity sha512-Xh1CC8KkqIojhC+LFXd21jxlVtzoVYdGnQAi/I2+dxbmos9ghbx5TQf9/nDxc4WxaFfUQJkya0w1k6rMeyIaxQ==
  dependencies:
    loose-envify "^1.1.0"
    object-assign "^4.1.1"
    prop-types "^15.6.2"
    scheduler "^0.12.0-alpha.2"

regenerator-runtime@^0.12.0:
  version "0.12.1"
  resolved "https://registry.yarnpkg.com/regenerator-runtime/-/regenerator-runtime-0.12.1.tgz#fa1a71544764c036f8c49b13a08b2594c9f8a0de"
  integrity sha512-odxIc1/vDlo4iZcfXqRYFj0vpXFNoGdKMAUieAlFYO6m/nl5e9KR/beGf41z4a1FI+aQgtjhuaSlDxQ0hmkrHg==

scheduler@^0.12.0-alpha.2:
  version "0.12.0"
  resolved "https://registry.yarnpkg.com/scheduler/-/scheduler-0.12.0.tgz#8ab17699939c0aedc5a196a657743c496538647b"
  integrity sha512-t7MBR28Akcp4Jm+QoR63XgAi9YgCUmgvDHqf5otgAj4QvdoBE4ImCX0ffehefePPG+aitiYHp0g/mW6s4Tp+dw==
  dependencies:
    loose-envify "^1.1.0"
    object-assign "^4.1.1"
